
Microsoft Visual Studio Solution File, Format Version 12.00
# Visual Studio Version 16
VisualStudioVersion = 16.0.28902.138
MinimumVisualStudioVersion = 10.0.40219.1
Project("{2150E333-8FDC-42A3-9474-1A3956D46DE8}") = "src", "src", "{7FD37F40-114D-451F-B94B-4D41141B49AD}"
EndProject
Project("{9A19103F-16F7-4668-BE54-9A1E7A4F7556}") = "Rutracker.Server", "src\Rutracker.Server\Rutracker.Server.csproj", "{AB9DD3F7-BB38-4196-9C2A-9824D0013B81}"
EndProject
Project("{9A19103F-16F7-4668-BE54-9A1E7A4F7556}") = "Rutracker.Client", "src\Rutracker.Client\Rutracker.Client.csproj", "{66B0ECAA-FB50-4C3E-A907-03074527806C}"
EndProject
Project("{9A19103F-16F7-4668-BE54-9A1E7A4F7556}") = "Rutracker.Shared", "src\Rutracker.Shared\Rutracker.Shared.csproj", "{D177B871-1BD0-46C4-B582-9CE0B8DA5AE0}"
EndProject
Project("{9A19103F-16F7-4668-BE54-9A1E7A4F7556}") = "Rutracker.Core", "src\Rutracker.Core\Rutracker.Core.csproj", "{C7DD15CA-A155-42B6-BC29-552DDE99A11B}"
EndProject
Project("{9A19103F-16F7-4668-BE54-9A1E7A4F7556}") = "Rutracker.Infrastructure", "src\Rutracker.Infrastructure\Rutracker.Infrastructure.csproj", "{85DD731E-BC51-411B-B5A1-12F65218A9E8}"
EndProject
Project("{2150E333-8FDC-42A3-9474-1A3956D46DE8}") = "tests", "tests", "{F216E88D-F349-4086-883D-0C0A23DB9ACC}"
EndProject
Project("{FAE04EC0-301F-11D3-BF4B-00C04F79EFBC}") = "Rutracker.FunctionalTests", "tests\Rutracker.FunctionalTests\Rutracker.FunctionalTests.csproj", "{44F75185-3D18-4486-87C2-F199F22F1DE7}"
EndProject
Global
	GlobalSection(SolutionConfigurationPlatforms) = preSolution
		Debug|Any CPU = Debug|Any CPU
		Release|Any CPU = Release|Any CPU
	EndGlobalSection
	GlobalSection(ProjectConfigurationPlatforms) = postSolution
		{AB9DD3F7-BB38-4196-9C2A-9824D0013B81}.Debug|Any CPU.ActiveCfg = Debug|Any CPU
		{AB9DD3F7-BB38-4196-9C2A-9824D0013B81}.Debug|Any CPU.Build.0 = Debug|Any CPU
		{AB9DD3F7-BB38-4196-9C2A-9824D0013B81}.Release|Any CPU.ActiveCfg = Release|Any CPU
		{AB9DD3F7-BB38-4196-9C2A-9824D0013B81}.Release|Any CPU.Build.0 = Release|Any CPU
		{66B0ECAA-FB50-4C3E-A907-03074527806C}.Debug|Any CPU.ActiveCfg = Debug|Any CPU
		{66B0ECAA-FB50-4C3E-A907-03074527806C}.Debug|Any CPU.Build.0 = Debug|Any CPU
		{66B0ECAA-FB50-4C3E-A907-03074527806C}.Release|Any CPU.ActiveCfg = Release|Any CPU
		{66B0ECAA-FB50-4C3E-A907-03074527806C}.Release|Any CPU.Build.0 = Release|Any CPU
		{D177B871-1BD0-46C4-B582-9CE0B8DA5AE0}.Debug|Any CPU.ActiveCfg = Debug|Any CPU
		{D177B871-1BD0-46C4-B582-9CE0B8DA5AE0}.Debug|Any CPU.Build.0 = Debug|Any CPU
		{D177B871-1BD0-46C4-B582-9CE0B8DA5AE0}.Release|Any CPU.ActiveCfg = Release|Any CPU
		{D177B871-1BD0-46C4-B582-9CE0B8DA5AE0}.Release|Any CPU.Build.0 = Release|Any CPU
		{C7DD15CA-A155-42B6-BC29-552DDE99A11B}.Debug|Any CPU.ActiveCfg = Debug|Any CPU
		{C7DD15CA-A155-42B6-BC29-552DDE99A11B}.Debug|Any CPU.Build.0 = Debug|Any CPU
		{C7DD15CA-A155-42B6-BC29-552DDE99A11B}.Release|Any CPU.ActiveCfg = Release|Any CPU
		{C7DD15CA-A155-42B6-BC29-552DDE99A11B}.Release|Any CPU.Build.0 = Release|Any CPU
		{85DD731E-BC51-411B-B5A1-12F65218A9E8}.Debug|Any CPU.ActiveCfg = Debug|Any CPU
		{85DD731E-BC51-411B-B5A1-12F65218A9E8}.Debug|Any CPU.Build.0 = Debug|Any CPU
		{85DD731E-BC51-411B-B5A1-12F65218A9E8}.Release|Any CPU.ActiveCfg = Release|Any CPU
		{85DD731E-BC51-411B-B5A1-12F65218A9E8}.Release|Any CPU.Build.0 = Release|Any CPU
		{44F75185-3D18-4486-87C2-F199F22F1DE7}.Debug|Any CPU.ActiveCfg = Debug|Any CPU
		{44F75185-3D18-4486-87C2-F199F22F1DE7}.Debug|Any CPU.Build.0 = Debug|Any CPU
		{44F75185-3D18-4486-87C2-F199F22F1DE7}.Release|Any CPU.ActiveCfg = Release|Any CPU
		{44F75185-3D18-4486-87C2-F199F22F1DE7}.Release|Any CPU.Build.0 = Release|Any CPU
	EndGlobalSection
	GlobalSection(SolutionProperties) = preSolution
		HideSolutionNode = FALSE
	EndGlobalSection
	GlobalSection(NestedProjects) = preSolution
		{AB9DD3F7-BB38-4196-9C2A-9824D0013B81} = {7FD37F40-114D-451F-B94B-4D41141B49AD}
		{66B0ECAA-FB50-4C3E-A907-03074527806C} = {7FD37F40-114D-451F-B94B-4D41141B49AD}
		{D177B871-1BD0-46C4-B582-9CE0B8DA5AE0} = {7FD37F40-114D-451F-B94B-4D41141B49AD}
		{C7DD15CA-A155-42B6-BC29-552DDE99A11B} = {7FD37F40-114D-451F-B94B-4D41141B49AD}
		{85DD731E-BC51-411B-B5A1-12F65218A9E8} = {7FD37F40-114D-451F-B94B-4D41141B49AD}
		{44F75185-3D18-4486-87C2-F199F22F1DE7} = {F216E88D-F349-4086-883D-0C0A23DB9ACC}
	EndGlobalSection
	GlobalSection(ExtensibilityGlobals) = postSolution
		SolutionGuid = {F969535C-7B0A-4A9E-8D9D-8BAB570B170C}
	EndGlobalSection
EndGlobal
